{
  "version": 4,
  "terraform_version": "1.5.7",
  "serial": 2,
  "lineage": "c42d0a95-51af-a879-60d7-98686874f367",
  "outputs": {
    "instance_id": {
      "value": "epdhd5c5b3u2vucnuoj2",
      "type": "string"
    },
    "instance_internal_ip": {
      "value": "10.129.0.13",
      "type": "string"
    },
    "instance_ip": {
      "value": "89.169.185.10",
      "type": "string"
    },
    "instance_name": {
      "value": "tripplanner-vm",
      "type": "string"
    }
  },
  "resources": [
    {
      "mode": "data",
      "type": "yandex_compute_image",
      "name": "ubuntu",
      "provider": "provider[\"registry.terraform.io/yandex-cloud/yandex\"]",
      "instances": [
        {
          "schema_version": 0,
          "attributes": {
            "created_at": "2026-03-30T11:38:15Z",
            "description": "Ubuntu 24.04 lts v20260320040221",
            "family": "ubuntu-2404-lts",
            "folder_id": "standard-images",
            "hardware_generation": [
              {
                "generation2_features": [],
                "legacy_features": [
                  {
                    "pci_topology": "PCI_TOPOLOGY_V2"
                  }
                ]
              }
            ],
            "id": "fd84tu1tb8bv15p13lqv",
            "image_id": "fd84tu1tb8bv15p13lqv",
            "kms_key_id": null,
            "labels": {
              "version": "20260320040221",
              "x-hopper-operation-id": "d9pe879mh7vspo9vpf6h",
              "x-hopper-source-image-id": "fd8cg539q3bafgljljto"
            },
            "min_disk_size": 10,
            "name": "ubuntu-24-04-lts-v20260330",
            "os_type": "linux",
            "pooled": true,
            "product_ids": [
              "f2emb51ia4o0opvoo6hi"
            ],
            "size": 3,
            "status": "ready"
          },
          "sensitive_attributes": []
        }
      ]
    },
    {
      "mode": "data",
      "type": "yandex_vpc_subnet",
      "name": "main",
      "provider": "provider[\"registry.terraform.io/yandex-cloud/yandex\"]",
      "instances": [
        {
          "schema_version": 0,
          "attributes": {
            "created_at": "2026-03-31T20:57:59Z",
            "description": "Auto-created default subnet for zone ru-central1-b in default",
            "dhcp_options": [],
            "folder_id": "b1gsm61k3iubf9hsonl6",
            "id": "e2l8upt32adb7kjindkt",
            "labels": {},
            "name": "default-ru-central1-b",
            "network_id": "enpl47mob7i74de8usc1",
            "route_table_id": "",
            "subnet_id": "e2l8upt32adb7kjindkt",
            "v4_cidr_blocks": [
              "10.129.0.0/24"
            ],
            "v6_cidr_blocks": [],
            "zone": "ru-central1-b"
          },
          "sensitive_attributes": []
        }
      ]
    },
    {
      "mode": "managed",
      "type": "yandex_compute_instance",
      "name": "vm",
      "provider": "provider[\"registry.terraform.io/yandex-cloud/yandex\"]",
      "instances": [
        {
          "schema_version": 1,
          "attributes": {
            "allow_recreate": null,
            "allow_stopping_for_update": true,
            "boot_disk": [
              {
                "auto_delete": true,
                "device_name": "epdurkm973v1q8db1svd",
                "disk_id": "epdurkm973v1q8db1svd",
                "initialize_params": [
                  {
                    "block_size": 4096,
                    "description": "",
                    "image_id": "fd84tu1tb8bv15p13lqv",
                    "kms_key_id": "",
                    "name": "",
                    "size": 10,
                    "snapshot_id": "",
                    "type": "network-hdd"
                  }
                ],
                "mode": "READ_WRITE"
              }
            ],
            "created_at": "2026-04-01T14:39:11Z",
            "description": "",
            "filesystem": [],
            "folder_id": "b1gsm61k3iubf9hsonl6",
            "fqdn": "epdhd5c5b3u2vucnuoj2.auto.internal",
            "gpu_cluster_id": "",
            "hardware_generation": [
              {
                "generation2_features": [],
                "legacy_features": [
                  {
                    "pci_topology": "PCI_TOPOLOGY_V2"
                  }
                ]
              }
            ],
            "hostname": "",
            "id": "epdhd5c5b3u2vucnuoj2",
            "labels": null,
            "local_disk": [],
            "maintenance_grace_period": "",
            "maintenance_policy": null,
            "metadata": {
              "ssh-keys": "ubuntu:ssh-ed25519 AAAAC3NzaC1lZDI1NTE5AAAAIFjzESk896BIGdQzTdHECQgHAiRgYt97GyS0MnThshA5 ya-cloud"
            },
            "metadata_options": [
              {
                "aws_v1_http_endpoint": 1,
                "aws_v1_http_token": 2,
                "gce_http_endpoint": 1,
                "gce_http_token": 1
              }
            ],
            "name": "tripplanner-vm",
            "network_acceleration_type": "standard",
            "network_interface": [
              {
                "dns_record": [],
                "index": 0,
                "ip_address": "10.129.0.13",
                "ipv4": true,
                "ipv6": false,
                "ipv6_address": "",
                "ipv6_dns_record": [],
                "mac_address": "d0:0d:11:69:58:55",
                "nat": true,
                "nat_dns_record": [],
                "nat_ip_address": "89.169.185.10",
                "nat_ip_version": "IPV4",
                "security_group_ids": [
                  "enp92iphnc0bquh1mg9f"
                ],
                "subnet_id": "e2l8upt32adb7kjindkt"
              }
            ],
            "placement_policy": [
              {
                "host_affinity_rules": [],
                "placement_group_id": "",
                "placement_group_partition": 0
              }
            ],
            "platform_id": "standard-v3",
            "resources": [
              {
                "core_fraction": 20,
                "cores": 2,
                "gpus": 0,
                "memory": 2
              }
            ],
            "scheduling_policy": [
              {
                "preemptible": false
              }
            ],
            "secondary_disk": [],
            "service_account_id": "",
            "status": "running",
            "timeouts": null,
            "zone": "ru-central1-b"
          },
          "sensitive_attributes": [],
          "private": "eyJlMmJmYjczMC1lY2FhLTExZTYtOGY4OC0zNDM2M2JjN2M0YzAiOnsiY3JlYXRlIjozMDAwMDAwMDAwMDAsImRlbGV0ZSI6MzAwMDAwMDAwMDAwLCJ1cGRhdGUiOjMwMDAwMDAwMDAwMH0sInNjaGVtYV92ZXJzaW9uIjoiMSJ9",
          "dependencies": [
            "data.yandex_compute_image.ubuntu",
            "data.yandex_vpc_subnet.main"
          ]
        }
      ]
    }
  ],
  "check_results": null
}
